# Exact resolved wheel versions/hashes from cycle-5 Docker installation.
# Platform: Linux amd64, Python 3.12; this is not a cross-platform lock.
anyio==4.15.1 --hash=sha256:6152fdbbf9a77fdec97731721bebf7c4c44f7c29b424b0065826173efc7ed101
appworld==0.1.3.post1 --hash=sha256:db77f8003982502383a50fa2974983894bd1c54f64e2fd3f7e1540d5edd037eb
asttokens==3.0.2 --hash=sha256:9da13157f5b28becde0bd374fc677dcd3c290614264eff096f167c469cd9f933
attrs==26.1.0 --hash=sha256:c647aa4a12dfbad9333ca4e71fe62ddc36f4e63b2d260a37a8b83d2f043ac309
certifi==2026.7.22 --hash=sha256:62f22742b58a1a33014a2b6b706588a8d7e2a88ae7bd1a6ebe8c992928483775
cffi==2.1.1 --hash=sha256:c1453022f490d2459a11819d83ad1d586e9ff65a12ac3e705ffebd46d3685dcf
charset-normalizer==3.5.1 --hash=sha256:b9af956078716df40d985fb0dfeb2c2120c5ca92ba4ff4b388acfd01cdc14d08
click==8.5.0 --hash=sha256:255bc9599cf7748b4b1a446ccc735421bd08a2ae529a8b88597d3de5664ee360
cryptography==39.0.2 --hash=sha256:b49a88ff802e1993b7f749b1eeb31134f03c8d5c956e3c125c75558955cda536
decorator==5.3.1 --hash=sha256:f47fe6fdbd2edd623ecfe36875d37aba411624e2670dd395dddae1358689bb3c
dnspython==2.8.0 --hash=sha256:01d9bbc4a2d76bf0db7c1f729812ded6d912bd318d3b1cf81d30c0f845dbf3af
email-validator==2.3.0 --hash=sha256:80f13f623413e6b197ae73bb10bf4eb0908faf509ad8362c5edeb0be7fd450b4
execnet==2.1.2 --hash=sha256:67fba928dd5a544b783f6056f449e5e3931a5c378b128bc18501f7ea79e296ec
executing==2.2.1 --hash=sha256:760643d3452b4d777d295bb167ccc74c64a81df23fb5e08eff250c425a4b2017
Faker==24.14.1 --hash=sha256:a5edba3aa17a1d689c8907e5b0cd1653079c2466a4807f083aa7b5f80a00225d
fastapi==0.110.3 --hash=sha256:fd7600612f755e4050beb74001310b5a7e1796d149c2ee363124abdfa0289d32
fastapi-login==1.10.3 --hash=sha256:4a88a5e82f35084075d22191173fa9ddc195c96647f984114a066dd93c067067
freezegun==1.5.1 --hash=sha256:bf111d7138a8abe55ab48a71755673dbaa4ab87f4cff5634a4442dfec34c15f1
greenlet==3.5.6 --hash=sha256:975736b002ed080d124cf81a79cb7e05cb26d6b3f5c7a7b651c0fcce70353aa1
h11==0.16.0 --hash=sha256:63cf8bbe7522de3bf65932fda1d9c2772064ffb3dae62d55932da54b31cb6c86
httpcore==1.0.9 --hash=sha256:2d400746a40668fc9dec9810239072b40b4484b640a8c38fd654a024c7a1bf55
httpx==0.27.2 --hash=sha256:7bb2708e112d8fdd7829cd4243970f0c223274051cb35ee80c03301ee29a3df0
idna==3.19 --hash=sha256:815e7be7a7806d54abb586dc943addc79e8b2ee16915059658cbeff4b1b43bf4
inflection==0.5.1 --hash=sha256:f38b2b640938a4f35ade69ac3d053042959b62a0f1076a5bbaa1b9526605a8a2
iniconfig==2.3.0 --hash=sha256:f631c04d2c48c52b84d0d0549c99ff3859c98df65b3101406327ecc7d53fbf12
ipython==9.12.0 --hash=sha256:0f2701e8ee86e117e37f50563205d36feaa259d2e08d4a6bc6b6d74b18ce128d
ipython_pygments_lexers==1.1.1 --hash=sha256:a9462224a505ade19a605f71f8fa63c2048833ce50abc86768a0d81d876dc81c
jedi==0.20.0 --hash=sha256:7bdd9c2634f56713299976f4cbd59cb3fa92165cc5e05ea811fb253480728b67
jsonref==1.1.0 --hash=sha256:590dc7773df6c21cbf948b5dac07a72a251db28b0238ceecce0a2abfa8ec30a9
libcst==1.9.0 --hash=sha256:8d731abe1307720ea1a52d447555e8443a6d130e0e520243c0634a58f6edbc9d
markdown-it-py==4.2.0 --hash=sha256:9f7ebbcd14fe59494226453aed97c1070d83f8d24b6fc3a3bcf9a38092641c4a
matplotlib-inline==0.2.2 --hash=sha256:3c821cf1c209f59fb2d2d64abbf5b23b67bcb2210d663f9918dd851c6da1fcf6
mdurl==0.1.2 --hash=sha256:84008a41e51615a49fc9966191ff91509e3c40b939176e643fd50a5c2196b8f8
munch==4.0.0 --hash=sha256:71033c45db9fb677a0b7eb517a4ce70ae09258490e419b0e7f00d1e386ecb1b4
orjson==3.12.0 --hash=sha256:1192a7021b6d071aaf909864f6e924d6a2675ca360485b972b8401749311750b
outcome==1.3.0.post0 --hash=sha256:e771c5ce06d1415e356078d3bdd68523f284b4ce5419828922b6871e65eda82b
packaging==26.3 --hash=sha256:d7193f7c8e4e93f444fde0262bf90af30e16fa0ad0ad44cb553c87339b23cd1c
parso==0.8.7 --hash=sha256:a8926eb2a1b915486941fdbd31e86a4baf88fe8c210f25f2f35ecec5b574ca1c
pendulum==3.2.0 --hash=sha256:3159cceb54f5aa8b85b141c7f0ce3fac8bdd1ffdc7c79e67dca9133eac7c4d11
pexpect==4.9.0 --hash=sha256:7236d1e080e4936be2dc3e326cec0af72acf9212a7e1d060210e70a47e253523
pluggy==1.6.0 --hash=sha256:e920276dd6813095e9377c0bc5566d94c932c33b27a3e3945d8389c374dd4746
polyfactory==2.22.5 --hash=sha256:822d1af463520153200b4b62b06b0dc73a1d5edc8911e2e63ed0757ae21cc2b3
prompt_toolkit==3.0.53 --hash=sha256:01c0891d7f9237d5e339f7d3e42cdae80b7534abb1c7c0e3352efba6231492f2
psutil==5.9.8 --hash=sha256:d06016f7f8625a1825ba3732081d77c94589dca78b7a3fc072194851e88461a4
ptyprocess==0.7.0 --hash=sha256:4b41f3967fce3af57cc7e94b888626c18bf37a083e3651ca8feeb66d492fef35
pure_eval==0.2.4 --hash=sha256:96cae060a313cfaad51bb761278bfb0e62dc0248d9315a81173752dc546cd37a
pycparser==3.0 --hash=sha256:b727414169a36b7d524c1c3e31839a521725078d7b2ff038656844266160a992
pydantic==1.10.26 --hash=sha256:15b13b9f8ba8867095769e1156e0d7fbafa1f65b898dd40fd1c02e34430973cb
Pygments==2.21.0 --hash=sha256:2363c69b61c4a97c838da3b130dcd6468f4848992b21a82f2a63ec34377137d9
PyJWT==2.14.0 --hash=sha256:ad0cef71c756a56e74863c2919cf0985f72decbcfcb550ee2f422e7c62b5eedc
pytest==8.4.2 --hash=sha256:872f880de3fc3a5bdc88a11b39c9710c3497a547cfa9320bc3c5e62fbf272e79
pytest-xdist==3.8.0 --hash=sha256:202ca578cfeb7370784a8c33d6d05bc6e13b4f25b5053c30a152269fd10f0b88
python-dateutil==2.9.0.post0 --hash=sha256:a8b2bc7bffae282281c8140a97d3aa9c14da0b136dfe83f850eea9a5f7470427
python-dotenv==1.2.3 --hash=sha256:904552145e8bfed22162c09dab1c2b9b54fefa7b23ba780f4f26ca0316b0f0d9
python-multipart==0.0.9 --hash=sha256:97ca7b8ea7b05f977dc3849c3ba99d51689822fab725c3703af7c866a0c2b215
PyYAML==6.0.3 --hash=sha256:ba1cc08a7ccde2d2ec775841541641e4548226580ab850948cbfda66a1befcdc
registrable==0.0.4 --hash=sha256:475ec762101c50942f59d15256646162c497e91e6ecd1442ad9b34ada113f73c
requests==2.34.2 --hash=sha256:2a0d60c172f83ac6ab31e4554906c0f3b3588d37b5cb939b1c061f4907e278e0
rich==13.9.4 --hash=sha256:6049d5e6ec054bf2779ab3358186963bac2ea89175919d699e378b99738c2a90
shellingham==1.5.4 --hash=sha256:7ecfff8f2fd72616f7481040475a65b2bf8af90a56c89140852d1120324e8686
six==1.17.0 --hash=sha256:4721f391ed90541fddacab5acf947aa0d3dc7d27b2e1e8eda2be8970586c3274
sniffio==1.3.1 --hash=sha256:2f6da418d1f1e0fddd844478f41680e794e6051915791a034ff65e5f100525a2
sortedcontainers==2.4.0 --hash=sha256:a163dcaede0f1c021485e957a39245190e74249897e2ae4b2aa38595db237ee0
SQLAlchemy==1.4.54 --hash=sha256:b5e0d47d619c739bdc636bbe007da4519fc953393304a5943e0b5aec96c9877c
sqlalchemy2-stubs==0.0.2a38 --hash=sha256:b62aa46943807287550e2033dafe07564b33b6a815fbaa3c144e396f9cc53bcb
SQLAlchemy-Utils==0.41.2 --hash=sha256:85cf3842da2bf060760f955f8467b87983fb2e30f1764fd0e24a48307dc8ec6e
sqlmodel==0.0.10 --hash=sha256:10b3a312f66bed2b88a7b369cd06d1c0e89f62ad8e6303eefa1ea5b3e7b141f4
stack-data==0.6.3 --hash=sha256:d5558e0c25a4cb0853cddad3d77da9891a08cb85dd9f9f91b9f8cd66e511e695
starlette==0.37.2 --hash=sha256:6fe59f29268538e5d0d182f2791a479a0c64638e6935d1c6989e63fb2699c6ee
tqdm==4.70.1 --hash=sha256:c293e525e6fef9c20e8728fd4612df02a0aa31bb5fe91ecd93e123b1b7bffa73
traitlets==5.16.1 --hash=sha256:f775618166caa0396c8e337099240f2bd3e5e917d203b2e6fbe21a58d3cb1f6b
trio==0.34.0 --hash=sha256:6c7c9f49917694dcdcd5f67abd168df5599eca480d61f29854d17a61a75c2f05
typer==0.16.1 --hash=sha256:90ee01cb02d9b8395ae21ee3368421faf21fa138cb2a541ed369c08cec5237c9
typing_extensions==4.16.0 --hash=sha256:481caa481374e813c1b176ada14e97f1f67a4539ce9cfeb3f350d78d6370c2e8
tzdata==2026.4 --hash=sha256:c2169a8b0a7a5e9674da5a135ccdfb2b3e671b333ed9fed17b41f73c34476e81
urllib3==2.8.0 --hash=sha256:0cf3cae568d36aa9576b28dfb35f11328f1cb974ca7647d9475ebb86c75ac6e3
uvicorn==0.27.1 --hash=sha256:5c89da2f3895767472a35556e539fd59f7edbe9b1e9c0e1c99eebeadc61838e4
uvloop==0.21.0 --hash=sha256:86975dca1c773a2c9864f4c52c5a55631038e387b47eaf56210f873887b6c8dc
wcwidth==0.8.3 --hash=sha256:d5b73dba6158a595ec9370350e7f2637bcac8d6c5e4fde34f30fcffb6103a5e4
xxhash==3.8.1 --hash=sha256:82c0cedd280eab2e8291270e6c04894dbc096f8159a39dcf1807429f026ca3cc
